
Microsoft Visual Studio Solution File, Format Version 12.00
# Visual Studio Version 16
VisualStudioVersion = 16.0.31105.61
MinimumVisualStudioVersion = 10.0.40219.1
Project("{FAE04EC0-301F-11D3-BF4B-00C04F79EFBC}") = "ServiceCenter", "ServiceCenter.csproj", "{9993C7DC-FD2E-41C2-9950-E5EC33E147B7}"
EndProject
Global
	GlobalSection(SolutionConfigurationPlatforms) = preSolution
		Debug|Any CPU = Debug|Any CPU
		Release|Any CPU = Release|Any CPU
	EndGlobalSection
	GlobalSection(ProjectConfigurationPlatforms) = postSolution
		{9993C7DC-FD2E-41C2-9950-E5EC33E147B7}.Debug|Any CPU.ActiveCfg = Debug|Any CPU
		{9993C7DC-FD2E-41C2-9950-E5EC33E147B7}.Debug|Any CPU.Build.0 = Debug|Any CPU
		{9993C7DC-FD2E-41C2-9950-E5EC33E147B7}.Release|Any CPU.ActiveCfg = Release|Any CPU
		{9993C7DC-FD2E-41C2-9950-E5EC33E147B7}.Release|Any CPU.Build.0 = Release|Any CPU
	EndGlobalSection
	GlobalSection(SolutionProperties) = preSolution
		HideSolutionNode = FALSE
	EndGlobalSection
	GlobalSection(ExtensibilityGlobals) = postSolution
		SolutionGuid = {48D44DC2-69A8-4B81-817E-CF321E97DCB7}
	EndGlobalSection
EndGlobal
